
Microsoft Visual Studio Solution File, Format Version 12.00
# Visual Studio 14
VisualStudioVersion = 14.0.25420.1
MinimumVisualStudioVersion = 10.0.40219.1
Project("{FAE04EC0-301F-11D3-BF4B-00C04F79EFBC}") = "OnlineShop", "OnlineShop\OnlineShop.csproj", "{F491A650-26C2-43E2-8426-D30DE8D07CDE}"
EndProject
Project("{FAE04EC0-301F-11D3-BF4B-00C04F79EFBC}") = "OnlineShop.Tests", "OnlineShop.Tests\OnlineShop.Tests.csproj", "{1DA5999A-462B-4069-9F0A-E4FF8F1E20C0}"
EndProject
Global
	GlobalSection(SolutionConfigurationPlatforms) = preSolution
		Debug|Any CPU = Debug|Any CPU
		Release|Any CPU = Release|Any CPU
	EndGlobalSection
	GlobalSection(ProjectConfigurationPlatforms) = postSolution
		{F491A650-26C2-43E2-8426-D30DE8D07CDE}.Debug|Any CPU.ActiveCfg = Debug|Any CPU
		{F491A650-26C2-43E2-8426-D30DE8D07CDE}.Debug|Any CPU.Build.0 = Debug|Any CPU
		{F491A650-26C2-43E2-8426-D30DE8D07CDE}.Release|Any CPU.ActiveCfg = Release|Any CPU
		{F491A650-26C2-43E2-8426-D30DE8D07CDE}.Release|Any CPU.Build.0 = Release|Any CPU
		{1DA5999A-462B-4069-9F0A-E4FF8F1E20C0}.Debug|Any CPU.ActiveCfg = Debug|Any CPU
		{1DA5999A-462B-4069-9F0A-E4FF8F1E20C0}.Debug|Any CPU.Build.0 = Debug|Any CPU
		{1DA5999A-462B-4069-9F0A-E4FF8F1E20C0}.Release|Any CPU.ActiveCfg = Release|Any CPU
		{1DA5999A-462B-4069-9F0A-E4FF8F1E20C0}.Release|Any CPU.Build.0 = Release|Any CPU
	EndGlobalSection
	GlobalSection(SolutionProperties) = preSolution
		HideSolutionNode = FALSE
	EndGlobalSection
	GlobalSection(ExtensibilityGlobals) = postSolution
		SolutionGuid = {574C8B53-7540-4011-B62C-399C4700FC3F}
	EndGlobalSection
EndGlobal
